Microsoft Visual Studio Solution File, Format Version 12.00
# Visual Studio 15
Project("{8BC9CEB8-8B4A-11D0-8D11-00A0C91BC942}") = "ALL_BUILD", "ALL_BUILD.vcxproj", "{C5AC5374-EDD3-3F72-AC13-2B08E48609A9}"
	ProjectSection(ProjectDependencies) = postProject
		{3545FED8-BF43-346E-91E9-895B1FAEE663} = {3545FED8-BF43-346E-91E9-895B1FAEE663}
		{DA812819-246A-3047-A7BF-DF3FBF276A96} = {DA812819-246A-3047-A7BF-DF3FBF276A96}
		{03EF6BD6-1AA1-365F-83FC-4EC7C75CDCD4} = {03EF6BD6-1AA1-365F-83FC-4EC7C75CDCD4}
		{504D6F66-FCA4-3239-BA7E-578A04822F61} = {504D6F66-FCA4-3239-BA7E-578A04822F61}
		{819A41EE-4F91-32B1-84F3-7E1195A02942} = {819A41EE-4F91-32B1-84F3-7E1195A02942}
		{A9FCEC32-A52C-3316-9455-266888D58547} = {A9FCEC32-A52C-3316-9455-266888D58547}
		{6400CF3A-3F08-3E6C-B28A-6C5FE4F7398B} = {6400CF3A-3F08-3E6C-B28A-6C5FE4F7398B}
		{24D02EF3-9A79-336F-B1F8-01D773E5718E} = {24D02EF3-9A79-336F-B1F8-01D773E5718E}
		{9E8655FD-DDBE-3FA7-9C8D-E67BDE6A5337} = {9E8655FD-DDBE-3FA7-9C8D-E67BDE6A5337}
		{46B7151F-EB26-31B6-890C-34B956998D7A} = {46B7151F-EB26-31B6-890C-34B956998D7A}
		{BF461B46-36E9-3F5D-BF73-604164B5D417} = {BF461B46-36E9-3F5D-BF73-604164B5D417}
		{B35C9301-6ED6-32FF-9D7E-AECC438B351C} = {B35C9301-6ED6-32FF-9D7E-AECC438B351C}
		{43053961-D5E2-39A9-BD08-AEA8A5FF73A3} = {43053961-D5E2-39A9-BD08-AEA8A5FF73A3}
		{39B27E1F-9E26-300E-B1E8-A8ABC344C029} = {39B27E1F-9E26-300E-B1E8-A8ABC344C029}
		{718124E6-A3B2-3154-B8B5-344C1AE7D9F0} = {718124E6-A3B2-3154-B8B5-344C1AE7D9F0}
		{3251948C-1C98-383C-A55E-7C3143F4C337} = {3251948C-1C98-383C-A55E-7C3143F4C337}
		{5E1D67B6-F6A2-364E-B60F-DCBBBA9506C3} = {5E1D67B6-F6A2-364E-B60F-DCBBBA9506C3}
		{26213334-1250-30C3-9A4B-468F7386BED3} = {26213334-1250-30C3-9A4B-468F7386BED3}
		{0ED6A1B6-715A-3D06-BF7C-724B1A32DAF3} = {0ED6A1B6-715A-3D06-BF7C-724B1A32DAF3}
		{6CDA8D2D-CB8D-3778-A4C7-B230E2DC4633} = {6CDA8D2D-CB8D-3778-A4C7-B230E2DC4633}
		{B8E056A6-9DC2-3C66-B16B-14FA61634889} = {B8E056A6-9DC2-3C66-B16B-14FA61634889}
		{23C71C6F-EDA3-379B-A1CF-EE90351CFD50} = {23C71C6F-EDA3-379B-A1CF-EE90351CFD50}
	EndProjectSection
EndProject
Project("{8BC9CEB8-8B4A-11D0-8D11-00A0C91BC942}") = "Continuous", "Continuous.vcxproj", "{B992F09E-FC71-3924-9BC4-7DBB782B9025}"
	ProjectSection(ProjectDependencies) = postProject
		{39B27E1F-9E26-300E-B1E8-A8ABC344C029} = {39B27E1F-9E26-300E-B1E8-A8ABC344C029}
	EndProjectSection
EndProject
Project("{8BC9CEB8-8B4A-11D0-8D11-00A0C91BC942}") = "Experimental", "Experimental.vcxproj", "{C29914E5-C921-3F51-94A1-8C2A6126568C}"
	ProjectSection(ProjectDependencies) = postProject
		{39B27E1F-9E26-300E-B1E8-A8ABC344C029} = {39B27E1F-9E26-300E-B1E8-A8ABC344C029}
	EndProjectSection
EndProject
Project("{8BC9CEB8-8B4A-11D0-8D11-00A0C91BC942}") = "Half", "IlmBase\Half\Half.vcxproj", "{3545FED8-BF43-346E-91E9-895B1FAEE663}"
	ProjectSection(ProjectDependencies) = postProject
		{39B27E1F-9E26-300E-B1E8-A8ABC344C029} = {39B27E1F-9E26-300E-B1E8-A8ABC344C029}
	EndProjectSection
EndProject
Project("{8BC9CEB8-8B4A-11D0-8D11-00A0C91BC942}") = "HalfTest", "IlmBase\HalfTest\HalfTest.vcxproj", "{DA812819-246A-3047-A7BF-DF3FBF276A96}"
	ProjectSection(ProjectDependencies) = postProject
		{3545FED8-BF43-346E-91E9-895B1FAEE663} = {3545FED8-BF43-346E-91E9-895B1FAEE663}
		{39B27E1F-9E26-300E-B1E8-A8ABC344C029} = {39B27E1F-9E26-300E-B1E8-A8ABC344C029}
	EndProjectSection
EndProject
Project("{8BC9CEB8-8B4A-11D0-8D11-00A0C91BC942}") = "INSTALL", "INSTALL.vcxproj", "{35236B4C-6E58-38ED-9688-A8D061AA050D}"
	ProjectSection(ProjectDependencies) = postProject
		{C5AC5374-EDD3-3F72-AC13-2B08E48609A9} = {C5AC5374-EDD3-3F72-AC13-2B08E48609A9}
		{39B27E1F-9E26-300E-B1E8-A8ABC344C029} = {39B27E1F-9E26-300E-B1E8-A8ABC344C029}
	EndProjectSection
EndProject
Project("{8BC9CEB8-8B4A-11D0-8D11-00A0C91BC942}") = "Iex", "IlmBase\Iex\Iex.vcxproj", "{03EF6BD6-1AA1-365F-83FC-4EC7C75CDCD4}"
	ProjectSection(ProjectDependencies) = postProject
		{39B27E1F-9E26-300E-B1E8-A8ABC344C029} = {39B27E1F-9E26-300E-B1E8-A8ABC344C029}
	EndProjectSection
EndProject
Project("{8BC9CEB8-8B4A-11D0-8D11-00A0C91BC942}") = "IexMath", "IlmBase\IexMath\IexMath.vcxproj", "{504D6F66-FCA4-3239-BA7E-578A04822F61}"
	ProjectSection(ProjectDependencies) = postProject
		{03EF6BD6-1AA1-365F-83FC-4EC7C75CDCD4} = {03EF6BD6-1AA1-365F-83FC-4EC7C75CDCD4}
		{39B27E1F-9E26-300E-B1E8-A8ABC344C029} = {39B27E1F-9E26-300E-B1E8-A8ABC344C029}
	EndProjectSection
EndProject
Project("{8BC9CEB8-8B4A-11D0-8D11-00A0C91BC942}") = "IexTest", "IlmBase\IexTest\IexTest.vcxproj", "{819A41EE-4F91-32B1-84F3-7E1195A02942}"
	ProjectSection(ProjectDependencies) = postProject
		{03EF6BD6-1AA1-365F-83FC-4EC7C75CDCD4} = {03EF6BD6-1AA1-365F-83FC-4EC7C75CDCD4}
		{39B27E1F-9E26-300E-B1E8-A8ABC344C029} = {39B27E1F-9E26-300E-B1E8-A8ABC344C029}
	EndProjectSection
EndProject
Project("{8BC9CEB8-8B4A-11D0-8D11-00A0C91BC942}") = "IlmImf", "OpenEXR\IlmImf\IlmImf.vcxproj", "{A9FCEC32-A52C-3316-9455-266888D58547}"
	ProjectSection(ProjectDependencies) = postProject
		{3545FED8-BF43-346E-91E9-895B1FAEE663} = {3545FED8-BF43-346E-91E9-895B1FAEE663}
		{03EF6BD6-1AA1-365F-83FC-4EC7C75CDCD4} = {03EF6BD6-1AA1-365F-83FC-4EC7C75CDCD4}
		{504D6F66-FCA4-3239-BA7E-578A04822F61} = {504D6F66-FCA4-3239-BA7E-578A04822F61}
		{BF461B46-36E9-3F5D-BF73-604164B5D417} = {BF461B46-36E9-3F5D-BF73-604164B5D417}
		{B35C9301-6ED6-32FF-9D7E-AECC438B351C} = {B35C9301-6ED6-32FF-9D7E-AECC438B351C}
		{39B27E1F-9E26-300E-B1E8-A8ABC344C029} = {39B27E1F-9E26-300E-B1E8-A8ABC344C029}
	EndProjectSection
EndProject
Project("{8BC9CEB8-8B4A-11D0-8D11-00A0C91BC942}") = "IlmImfExamples", "OpenEXR\IlmImfExamples\IlmImfExamples.vcxproj", "{6400CF3A-3F08-3E6C-B28A-6C5FE4F7398B}"
	ProjectSection(ProjectDependencies) = postProject
		{3545FED8-BF43-346E-91E9-895B1FAEE663} = {3545FED8-BF43-346E-91E9-895B1FAEE663}
		{03EF6BD6-1AA1-365F-83FC-4EC7C75CDCD4} = {03EF6BD6-1AA1-365F-83FC-4EC7C75CDCD4}
		{504D6F66-FCA4-3239-BA7E-578A04822F61} = {504D6F66-FCA4-3239-BA7E-578A04822F61}
		{A9FCEC32-A52C-3316-9455-266888D58547} = {A9FCEC32-A52C-3316-9455-266888D58547}
		{BF461B46-36E9-3F5D-BF73-604164B5D417} = {BF461B46-36E9-3F5D-BF73-604164B5D417}
		{B35C9301-6ED6-32FF-9D7E-AECC438B351C} = {B35C9301-6ED6-32FF-9D7E-AECC438B351C}
		{39B27E1F-9E26-300E-B1E8-A8ABC344C029} = {39B27E1F-9E26-300E-B1E8-A8ABC344C029}
	EndProjectSection
EndProject
Project("{8BC9CEB8-8B4A-11D0-8D11-00A0C91BC942}") = "IlmImfTest", "OpenEXR\IlmImfTest\IlmImfTest.vcxproj", "{24D02EF3-9A79-336F-B1F8-01D773E5718E}"
	ProjectSection(ProjectDependencies) = postProject
		{3545FED8-BF43-346E-91E9-895B1FAEE663} = {3545FED8-BF43-346E-91E9-895B1FAEE663}
		{03EF6BD6-1AA1-365F-83FC-4EC7C75CDCD4} = {03EF6BD6-1AA1-365F-83FC-4EC7C75CDCD4}
		{504D6F66-FCA4-3239-BA7E-578A04822F61} = {504D6F66-FCA4-3239-BA7E-578A04822F61}
		{A9FCEC32-A52C-3316-9455-266888D58547} = {A9FCEC32-A52C-3316-9455-266888D58547}
		{BF461B46-36E9-3F5D-BF73-604164B5D417} = {BF461B46-36E9-3F5D-BF73-604164B5D417}
		{B35C9301-6ED6-32FF-9D7E-AECC438B351C} = {B35C9301-6ED6-32FF-9D7E-AECC438B351C}
		{39B27E1F-9E26-300E-B1E8-A8ABC344C029} = {39B27E1F-9E26-300E-B1E8-A8ABC344C029}
	EndProjectSection
EndProject
Project("{8BC9CEB8-8B4A-11D0-8D11-00A0C91BC942}") = "IlmImfUtil", "OpenEXR\IlmImfUtil\IlmImfUtil.vcxproj", "{9E8655FD-DDBE-3FA7-9C8D-E67BDE6A5337}"
	ProjectSection(ProjectDependencies) = postProject
		{3545FED8-BF43-346E-91E9-895B1FAEE663} = {3545FED8-BF43-346E-91E9-895B1FAEE663}
		{03EF6BD6-1AA1-365F-83FC-4EC7C75CDCD4} = {03EF6BD6-1AA1-365F-83FC-4EC7C75CDCD4}
		{504D6F66-FCA4-3239-BA7E-578A04822F61} = {504D6F66-FCA4-3239-BA7E-578A04822F61}
		{A9FCEC32-A52C-3316-9455-266888D58547} = {A9FCEC32-A52C-3316-9455-266888D58547}
		{BF461B46-36E9-3F5D-BF73-604164B5D417} = {BF461B46-36E9-3F5D-BF73-604164B5D417}
		{B35C9301-6ED6-32FF-9D7E-AECC438B351C} = {B35C9301-6ED6-32FF-9D7E-AECC438B351C}
		{39B27E1F-9E26-300E-B1E8-A8ABC344C029} = {39B27E1F-9E26-300E-B1E8-A8ABC344C029}
	EndProjectSection
EndProject
Project("{8BC9CEB8-8B4A-11D0-8D11-00A0C91BC942}") = "IlmImfUtilTest", "OpenEXR\IlmImfUtilTest\IlmImfUtilTest.vcxproj", "{46B7151F-EB26-31B6-890C-34B956998D7A}"
	ProjectSection(ProjectDependencies) = postProject
		{3545FED8-BF43-346E-91E9-895B1FAEE663} = {3545FED8-BF43-346E-91E9-895B1FAEE663}
		{03EF6BD6-1AA1-365F-83FC-4EC7C75CDCD4} = {03EF6BD6-1AA1-365F-83FC-4EC7C75CDCD4}
		{504D6F66-FCA4-3239-BA7E-578A04822F61} = {504D6F66-FCA4-3239-BA7E-578A04822F61}
		{A9FCEC32-A52C-3316-9455-266888D58547} = {A9FCEC32-A52C-3316-9455-266888D58547}
		{9E8655FD-DDBE-3FA7-9C8D-E67BDE6A5337} = {9E8655FD-DDBE-3FA7-9C8D-E67BDE6A5337}
		{BF461B46-36E9-3F5D-BF73-604164B5D417} = {BF461B46-36E9-3F5D-BF73-604164B5D417}
		{B35C9301-6ED6-32FF-9D7E-AECC438B351C} = {B35C9301-6ED6-32FF-9D7E-AECC438B351C}
		{39B27E1F-9E26-300E-B1E8-A8ABC344C029} = {39B27E1F-9E26-300E-B1E8-A8ABC344C029}
	EndProjectSection
EndProject
Project("{8BC9CEB8-8B4A-11D0-8D11-00A0C91BC942}") = "IlmThread", "IlmBase\IlmThread\IlmThread.vcxproj", "{BF461B46-36E9-3F5D-BF73-604164B5D417}"
	ProjectSection(ProjectDependencies) = postProject
		{03EF6BD6-1AA1-365F-83FC-4EC7C75CDCD4} = {03EF6BD6-1AA1-365F-83FC-4EC7C75CDCD4}
		{39B27E1F-9E26-300E-B1E8-A8ABC344C029} = {39B27E1F-9E26-300E-B1E8-A8ABC344C029}
	EndProjectSection
EndProject
Project("{8BC9CEB8-8B4A-11D0-8D11-00A0C91BC942}") = "Imath", "IlmBase\Imath\Imath.vcxproj", "{B35C9301-6ED6-32FF-9D7E-AECC438B351C}"
	ProjectSection(ProjectDependencies) = postProject
		{3545FED8-BF43-346E-91E9-895B1FAEE663} = {3545FED8-BF43-346E-91E9-895B1FAEE663}
		{03EF6BD6-1AA1-365F-83FC-4EC7C75CDCD4} = {03EF6BD6-1AA1-365F-83FC-4EC7C75CDCD4}
		{504D6F66-FCA4-3239-BA7E-578A04822F61} = {504D6F66-FCA4-3239-BA7E-578A04822F61}
		{39B27E1F-9E26-300E-B1E8-A8ABC344C029} = {39B27E1F-9E26-300E-B1E8-A8ABC344C029}
	EndProjectSection
EndProject
Project("{8BC9CEB8-8B4A-11D0-8D11-00A0C91BC942}") = "ImathTest", "IlmBase\ImathTest\ImathTest.vcxproj", "{43053961-D5E2-39A9-BD08-AEA8A5FF73A3}"
	ProjectSection(ProjectDependencies) = postProject
		{3545FED8-BF43-346E-91E9-895B1FAEE663} = {3545FED8-BF43-346E-91E9-895B1FAEE663}
		{03EF6BD6-1AA1-365F-83FC-4EC7C75CDCD4} = {03EF6BD6-1AA1-365F-83FC-4EC7C75CDCD4}
		{504D6F66-FCA4-3239-BA7E-578A04822F61} = {504D6F66-FCA4-3239-BA7E-578A04822F61}
		{B35C9301-6ED6-32FF-9D7E-AECC438B351C} = {B35C9301-6ED6-32FF-9D7E-AECC438B351C}
		{39B27E1F-9E26-300E-B1E8-A8ABC344C029} = {39B27E1F-9E26-300E-B1E8-A8ABC344C029}
	EndProjectSection
EndProject
Project("{8BC9CEB8-8B4A-11D0-8D11-00A0C91BC942}") = "Nightly", "Nightly.vcxproj", "{46F2F788-2F93-355E-BFD9-631D4C830570}"
	ProjectSection(ProjectDependencies) = postProject
		{39B27E1F-9E26-300E-B1E8-A8ABC344C029} = {39B27E1F-9E26-300E-B1E8-A8ABC344C029}
	EndProjectSection
EndProject
Project("{8BC9CEB8-8B4A-11D0-8D11-00A0C91BC942}") = "NightlyMemoryCheck", "NightlyMemoryCheck.vcxproj", "{40475352-8EBA-39D7-90D0-46C5C3BF6F90}"
	ProjectSection(ProjectDependencies) = postProject
		{39B27E1F-9E26-300E-B1E8-A8ABC344C029} = {39B27E1F-9E26-300E-B1E8-A8ABC344C029}
	EndProjectSection
EndProject
Project("{8BC9CEB8-8B4A-11D0-8D11-00A0C91BC942}") = "RUN_TESTS", "RUN_TESTS.vcxproj", "{C14463DF-3948-3447-8D27-0D9FFC8429D9}"
	ProjectSection(ProjectDependencies) = postProject
		{39B27E1F-9E26-300E-B1E8-A8ABC344C029} = {39B27E1F-9E26-300E-B1E8-A8ABC344C029}
	EndProjectSection
EndProject
Project("{8BC9CEB8-8B4A-11D0-8D11-00A0C91BC942}") = "ZERO_CHECK", "ZERO_CHECK.vcxproj", "{39B27E1F-9E26-300E-B1E8-A8ABC344C029}"
	ProjectSection(ProjectDependencies) = postProject
	EndProjectSection
EndProject
Project("{8BC9CEB8-8B4A-11D0-8D11-00A0C91BC942}") = "exr2aces", "OpenEXR\exr2aces\exr2aces.vcxproj", "{718124E6-A3B2-3154-B8B5-344C1AE7D9F0}"
	ProjectSection(ProjectDependencies) = postProject
		{3545FED8-BF43-346E-91E9-895B1FAEE663} = {3545FED8-BF43-346E-91E9-895B1FAEE663}
		{03EF6BD6-1AA1-365F-83FC-4EC7C75CDCD4} = {03EF6BD6-1AA1-365F-83FC-4EC7C75CDCD4}
		{504D6F66-FCA4-3239-BA7E-578A04822F61} = {504D6F66-FCA4-3239-BA7E-578A04822F61}
		{A9FCEC32-A52C-3316-9455-266888D58547} = {A9FCEC32-A52C-3316-9455-266888D58547}
		{BF461B46-36E9-3F5D-BF73-604164B5D417} = {BF461B46-36E9-3F5D-BF73-604164B5D417}
		{B35C9301-6ED6-32FF-9D7E-AECC438B351C} = {B35C9301-6ED6-32FF-9D7E-AECC438B351C}
		{39B27E1F-9E26-300E-B1E8-A8ABC344C029} = {39B27E1F-9E26-300E-B1E8-A8ABC344C029}
	EndProjectSection
EndProject
Project("{8BC9CEB8-8B4A-11D0-8D11-00A0C91BC942}") = "exrenvmap", "OpenEXR\exrenvmap\exrenvmap.vcxproj", "{3251948C-1C98-383C-A55E-7C3143F4C337}"
	ProjectSection(ProjectDependencies) = postProject
		{3545FED8-BF43-346E-91E9-895B1FAEE663} = {3545FED8-BF43-346E-91E9-895B1FAEE663}
		{03EF6BD6-1AA1-365F-83FC-4EC7C75CDCD4} = {03EF6BD6-1AA1-365F-83FC-4EC7C75CDCD4}
		{504D6F66-FCA4-3239-BA7E-578A04822F61} = {504D6F66-FCA4-3239-BA7E-578A04822F61}
		{A9FCEC32-A52C-3316-9455-266888D58547} = {A9FCEC32-A52C-3316-9455-266888D58547}
		{BF461B46-36E9-3F5D-BF73-604164B5D417} = {BF461B46-36E9-3F5D-BF73-604164B5D417}
		{B35C9301-6ED6-32FF-9D7E-AECC438B351C} = {B35C9301-6ED6-32FF-9D7E-AECC438B351C}
		{39B27E1F-9E26-300E-B1E8-A8ABC344C029} = {39B27E1F-9E26-300E-B1E8-A8ABC344C029}
	EndProjectSection
EndProject
Project("{8BC9CEB8-8B4A-11D0-8D11-00A0C91BC942}") = "exrheader", "OpenEXR\exrheader\exrheader.vcxproj", "{5E1D67B6-F6A2-364E-B60F-DCBBBA9506C3}"
	ProjectSection(ProjectDependencies) = postProject
		{3545FED8-BF43-346E-91E9-895B1FAEE663} = {3545FED8-BF43-346E-91E9-895B1FAEE663}
		{03EF6BD6-1AA1-365F-83FC-4EC7C75CDCD4} = {03EF6BD6-1AA1-365F-83FC-4EC7C75CDCD4}
		{504D6F66-FCA4-3239-BA7E-578A04822F61} = {504D6F66-FCA4-3239-BA7E-578A04822F61}
		{A9FCEC32-A52C-3316-9455-266888D58547} = {A9FCEC32-A52C-3316-9455-266888D58547}
		{BF461B46-36E9-3F5D-BF73-604164B5D417} = {BF461B46-36E9-3F5D-BF73-604164B5D417}
		{B35C9301-6ED6-32FF-9D7E-AECC438B351C} = {B35C9301-6ED6-32FF-9D7E-AECC438B351C}
		{39B27E1F-9E26-300E-B1E8-A8ABC344C029} = {39B27E1F-9E26-300E-B1E8-A8ABC344C029}
	EndProjectSection
EndProject
Project("{8BC9CEB8-8B4A-11D0-8D11-00A0C91BC942}") = "exrmakepreview", "OpenEXR\exrmakepreview\exrmakepreview.vcxproj", "{26213334-1250-30C3-9A4B-468F7386BED3}"
	ProjectSection(ProjectDependencies) = postProject
		{3545FED8-BF43-346E-91E9-895B1FAEE663} = {3545FED8-BF43-346E-91E9-895B1FAEE663}
		{03EF6BD6-1AA1-365F-83FC-4EC7C75CDCD4} = {03EF6BD6-1AA1-365F-83FC-4EC7C75CDCD4}
		{504D6F66-FCA4-3239-BA7E-578A04822F61} = {504D6F66-FCA4-3239-BA7E-578A04822F61}
		{A9FCEC32-A52C-3316-9455-266888D58547} = {A9FCEC32-A52C-3316-9455-266888D58547}
		{BF461B46-36E9-3F5D-BF73-604164B5D417} = {BF461B46-36E9-3F5D-BF73-604164B5D417}
		{B35C9301-6ED6-32FF-9D7E-AECC438B351C} = {B35C9301-6ED6-32FF-9D7E-AECC438B351C}
		{39B27E1F-9E26-300E-B1E8-A8ABC344C029} = {39B27E1F-9E26-300E-B1E8-A8ABC344C029}
	EndProjectSection
EndProject
Project("{8BC9CEB8-8B4A-11D0-8D11-00A0C91BC942}") = "exrmaketiled", "OpenEXR\exrmaketiled\exrmaketiled.vcxproj", "{0ED6A1B6-715A-3D06-BF7C-724B1A32DAF3}"
	ProjectSection(ProjectDependencies) = postProject
		{3545FED8-BF43-346E-91E9-895B1FAEE663} = {3545FED8-BF43-346E-91E9-895B1FAEE663}
		{03EF6BD6-1AA1-365F-83FC-4EC7C75CDCD4} = {03EF6BD6-1AA1-365F-83FC-4EC7C75CDCD4}
		{504D6F66-FCA4-3239-BA7E-578A04822F61} = {504D6F66-FCA4-3239-BA7E-578A04822F61}
		{A9FCEC32-A52C-3316-9455-266888D58547} = {A9FCEC32-A52C-3316-9455-266888D58547}
		{BF461B46-36E9-3F5D-BF73-604164B5D417} = {BF461B46-36E9-3F5D-BF73-604164B5D417}
		{B35C9301-6ED6-32FF-9D7E-AECC438B351C} = {B35C9301-6ED6-32FF-9D7E-AECC438B351C}
		{39B27E1F-9E26-300E-B1E8-A8ABC344C029} = {39B27E1F-9E26-300E-B1E8-A8ABC344C029}
	EndProjectSection
EndProject
Project("{8BC9CEB8-8B4A-11D0-8D11-00A0C91BC942}") = "exrmultipart", "OpenEXR\exrmultipart\exrmultipart.vcxproj", "{6CDA8D2D-CB8D-3778-A4C7-B230E2DC4633}"
	ProjectSection(ProjectDependencies) = postProject
		{3545FED8-BF43-346E-91E9-895B1FAEE663} = {3545FED8-BF43-346E-91E9-895B1FAEE663}
		{03EF6BD6-1AA1-365F-83FC-4EC7C75CDCD4} = {03EF6BD6-1AA1-365F-83FC-4EC7C75CDCD4}
		{504D6F66-FCA4-3239-BA7E-578A04822F61} = {504D6F66-FCA4-3239-BA7E-578A04822F61}
		{A9FCEC32-A52C-3316-9455-266888D58547} = {A9FCEC32-A52C-3316-9455-266888D58547}
		{BF461B46-36E9-3F5D-BF73-604164B5D417} = {BF461B46-36E9-3F5D-BF73-604164B5D417}
		{B35C9301-6ED6-32FF-9D7E-AECC438B351C} = {B35C9301-6ED6-32FF-9D7E-AECC438B351C}
		{39B27E1F-9E26-300E-B1E8-A8ABC344C029} = {39B27E1F-9E26-300E-B1E8-A8ABC344C029}
	EndProjectSection
EndProject
Project("{8BC9CEB8-8B4A-11D0-8D11-00A0C91BC942}") = "exrmultiview", "OpenEXR\exrmultiview\exrmultiview.vcxproj", "{B8E056A6-9DC2-3C66-B16B-14FA61634889}"
	ProjectSection(ProjectDependencies) = postProject
		{3545FED8-BF43-346E-91E9-895B1FAEE663} = {3545FED8-BF43-346E-91E9-895B1FAEE663}
		{03EF6BD6-1AA1-365F-83FC-4EC7C75CDCD4} = {03EF6BD6-1AA1-365F-83FC-4EC7C75CDCD4}
		{504D6F66-FCA4-3239-BA7E-578A04822F61} = {504D6F66-FCA4-3239-BA7E-578A04822F61}
		{A9FCEC32-A52C-3316-9455-266888D58547} = {A9FCEC32-A52C-3316-9455-266888D58547}
		{BF461B46-36E9-3F5D-BF73-604164B5D417} = {BF461B46-36E9-3F5D-BF73-604164B5D417}
		{B35C9301-6ED6-32FF-9D7E-AECC438B351C} = {B35C9301-6ED6-32FF-9D7E-AECC438B351C}
		{39B27E1F-9E26-300E-B1E8-A8ABC344C029} = {39B27E1F-9E26-300E-B1E8-A8ABC344C029}
	EndProjectSection
EndProject
Project("{8BC9CEB8-8B4A-11D0-8D11-00A0C91BC942}") = "exrstdattr", "OpenEXR\exrstdattr\exrstdattr.vcxproj", "{23C71C6F-EDA3-379B-A1CF-EE90351CFD50}"
	ProjectSection(ProjectDependencies) = postProject
		{3545FED8-BF43-346E-91E9-895B1FAEE663} = {3545FED8-BF43-346E-91E9-895B1FAEE663}
		{03EF6BD6-1AA1-365F-83FC-4EC7C75CDCD4} = {03EF6BD6-1AA1-365F-83FC-4EC7C75CDCD4}
		{504D6F66-FCA4-3239-BA7E-578A04822F61} = {504D6F66-FCA4-3239-BA7E-578A04822F61}
		{A9FCEC32-A52C-3316-9455-266888D58547} = {A9FCEC32-A52C-3316-9455-266888D58547}
		{BF461B46-36E9-3F5D-BF73-604164B5D417} = {BF461B46-36E9-3F5D-BF73-604164B5D417}
		{B35C9301-6ED6-32FF-9D7E-AECC438B351C} = {B35C9301-6ED6-32FF-9D7E-AECC438B351C}
		{39B27E1F-9E26-300E-B1E8-A8ABC344C029} = {39B27E1F-9E26-300E-B1E8-A8ABC344C029}
	EndProjectSection
EndProject
Global
	GlobalSection(SolutionConfigurationPlatforms) = preSolution
		Debug|Win32 = Debug|Win32
		Release|Win32 = Release|Win32
		MinSizeRel|Win32 = MinSizeRel|Win32
		RelWithDebInfo|Win32 = RelWithDebInfo|Win32
	EndGlobalSection
	GlobalSection(ProjectConfigurationPlatforms) = postSolution
		{C5AC5374-EDD3-3F72-AC13-2B08E48609A9}.Debug|Win32.ActiveCfg = Debug|Win32
		{C5AC5374-EDD3-3F72-AC13-2B08E48609A9}.Debug|Win32.Build.0 = Debug|Win32
		{C5AC5374-EDD3-3F72-AC13-2B08E48609A9}.Release|Win32.ActiveCfg = Release|Win32
		{C5AC5374-EDD3-3F72-AC13-2B08E48609A9}.Release|Win32.Build.0 = Release|Win32
		{C5AC5374-EDD3-3F72-AC13-2B08E48609A9}.MinSizeRel|Win32.ActiveCfg = MinSizeRel|Win32
		{C5AC5374-EDD3-3F72-AC13-2B08E48609A9}.MinSizeRel|Win32.Build.0 = MinSizeRel|Win32
		{C5AC5374-EDD3-3F72-AC13-2B08E48609A9}.RelWithDebInfo|Win32.ActiveCfg = RelWithDebInfo|Win32
		{C5AC5374-EDD3-3F72-AC13-2B08E48609A9}.RelWithDebInfo|Win32.Build.0 = RelWithDebInfo|Win32
		{B992F09E-FC71-3924-9BC4-7DBB782B9025}.Debug|Win32.ActiveCfg = Debug|Win32
		{B992F09E-FC71-3924-9BC4-7DBB782B9025}.Release|Win32.ActiveCfg = Release|Win32
		{B992F09E-FC71-3924-9BC4-7DBB782B9025}.MinSizeRel|Win32.ActiveCfg = MinSizeRel|Win32
		{B992F09E-FC71-3924-9BC4-7DBB782B9025}.RelWithDebInfo|Win32.ActiveCfg = RelWithDebInfo|Win32
		{C29914E5-C921-3F51-94A1-8C2A6126568C}.Debug|Win32.ActiveCfg = Debug|Win32
		{C29914E5-C921-3F51-94A1-8C2A6126568C}.Release|Win32.ActiveCfg = Release|Win32
		{C29914E5-C921-3F51-94A1-8C2A6126568C}.MinSizeRel|Win32.ActiveCfg = MinSizeRel|Win32
		{C29914E5-C921-3F51-94A1-8C2A6126568C}.RelWithDebInfo|Win32.ActiveCfg = RelWithDebInfo|Win32
		{3545FED8-BF43-346E-91E9-895B1FAEE663}.Debug|Win32.ActiveCfg = Debug|Win32
		{3545FED8-BF43-346E-91E9-895B1FAEE663}.Debug|Win32.Build.0 = Debug|Win32
		{3545FED8-BF43-346E-91E9-895B1FAEE663}.Release|Win32.ActiveCfg = Release|Win32
		{3545FED8-BF43-346E-91E9-895B1FAEE663}.Release|Win32.Build.0 = Release|Win32
		{3545FED8-BF43-346E-91E9-895B1FAEE663}.MinSizeRel|Win32.ActiveCfg = MinSizeRel|Win32
		{3545FED8-BF43-346E-91E9-895B1FAEE663}.MinSizeRel|Win32.Build.0 = MinSizeRel|Win32
		{3545FED8-BF43-346E-91E9-895B1FAEE663}.RelWithDebInfo|Win32.ActiveCfg = RelWithDebInfo|Win32
		{3545FED8-BF43-346E-91E9-895B1FAEE663}.RelWithDebInfo|Win32.Build.0 = RelWithDebInfo|Win32
		{DA812819-246A-3047-A7BF-DF3FBF276A96}.Debug|Win32.ActiveCfg = Debug|Win32
		{DA812819-246A-3047-A7BF-DF3FBF276A96}.Debug|Win32.Build.0 = Debug|Win32
		{DA812819-246A-3047-A7BF-DF3FBF276A96}.Release|Win32.ActiveCfg = Release|Win32
		{DA812819-246A-3047-A7BF-DF3FBF276A96}.Release|Win32.Build.0 = Release|Win32
		{DA812819-246A-3047-A7BF-DF3FBF276A96}.MinSizeRel|Win32.ActiveCfg = MinSizeRel|Win32
		{DA812819-246A-3047-A7BF-DF3FBF276A96}.MinSizeRel|Win32.Build.0 = MinSizeRel|Win32
		{DA812819-246A-3047-A7BF-DF3FBF276A96}.RelWithDebInfo|Win32.ActiveCfg = RelWithDebInfo|Win32
		{DA812819-246A-3047-A7BF-DF3FBF276A96}.RelWithDebInfo|Win32.Build.0 = RelWithDebInfo|Win32
		{35236B4C-6E58-38ED-9688-A8D061AA050D}.Debug|Win32.ActiveCfg = Debug|Win32
		{35236B4C-6E58-38ED-9688-A8D061AA050D}.Release|Win32.ActiveCfg = Release|Win32
		{35236B4C-6E58-38ED-9688-A8D061AA050D}.MinSizeRel|Win32.ActiveCfg = MinSizeRel|Win32
		{35236B4C-6E58-38ED-9688-A8D061AA050D}.RelWithDebInfo|Win32.ActiveCfg = RelWithDebInfo|Win32
		{03EF6BD6-1AA1-365F-83FC-4EC7C75CDCD4}.Debug|Win32.ActiveCfg = Debug|Win32
		{03EF6BD6-1AA1-365F-83FC-4EC7C75CDCD4}.Debug|Win32.Build.0 = Debug|Win32
		{03EF6BD6-1AA1-365F-83FC-4EC7C75CDCD4}.Release|Win32.ActiveCfg = Release|Win32
		{03EF6BD6-1AA1-365F-83FC-4EC7C75CDCD4}.Release|Win32.Build.0 = Release|Win32
		{03EF6BD6-1AA1-365F-83FC-4EC7C75CDCD4}.MinSizeRel|Win32.ActiveCfg = MinSizeRel|Win32
		{03EF6BD6-1AA1-365F-83FC-4EC7C75CDCD4}.MinSizeRel|Win32.Build.0 = MinSizeRel|Win32
		{03EF6BD6-1AA1-365F-83FC-4EC7C75CDCD4}.RelWithDebInfo|Win32.ActiveCfg = RelWithDebInfo|Win32
		{03EF6BD6-1AA1-365F-83FC-4EC7C75CDCD4}.RelWithDebInfo|Win32.Build.0 = RelWithDebInfo|Win32
		{504D6F66-FCA4-3239-BA7E-578A04822F61}.Debug|Win32.ActiveCfg = Debug|Win32
		{504D6F66-FCA4-3239-BA7E-578A04822F61}.Debug|Win32.Build.0 = Debug|Win32
		{504D6F66-FCA4-3239-BA7E-578A04822F61}.Release|Win32.ActiveCfg = Release|Win32
		{504D6F66-FCA4-3239-BA7E-578A04822F61}.Release|Win32.Build.0 = Release|Win32
		{504D6F66-FCA4-3239-BA7E-578A04822F61}.MinSizeRel|Win32.ActiveCfg = MinSizeRel|Win32
		{504D6F66-FCA4-3239-BA7E-578A04822F61}.MinSizeRel|Win32.Build.0 = MinSizeRel|Win32
		{504D6F66-FCA4-3239-BA7E-578A04822F61}.RelWithDebInfo|Win32.ActiveCfg = RelWithDebInfo|Win32
		{504D6F66-FCA4-3239-BA7E-578A04822F61}.RelWithDebInfo|Win32.Build.0 = RelWithDebInfo|Win32
		{819A41EE-4F91-32B1-84F3-7E1195A02942}.Debug|Win32.ActiveCfg = Debug|Win32
		{819A41EE-4F91-32B1-84F3-7E1195A02942}.Debug|Win32.Build.0 = Debug|Win32
		{819A41EE-4F91-32B1-84F3-7E1195A02942}.Release|Win32.ActiveCfg = Release|Win32
		{819A41EE-4F91-32B1-84F3-7E1195A02942}.Release|Win32.Build.0 = Release|Win32
		{819A41EE-4F91-32B1-84F3-7E1195A02942}.MinSizeRel|Win32.ActiveCfg = MinSizeRel|Win32
		{819A41EE-4F91-32B1-84F3-7E1195A02942}.MinSizeRel|Win32.Build.0 = MinSizeRel|Win32
		{819A41EE-4F91-32B1-84F3-7E1195A02942}.RelWithDebInfo|Win32.ActiveCfg = RelWithDebInfo|Win32
		{819A41EE-4F91-32B1-84F3-7E1195A02942}.RelWithDebInfo|Win32.Build.0 = RelWithDebInfo|Win32
		{A9FCEC32-A52C-3316-9455-266888D58547}.Debug|Win32.ActiveCfg = Debug|Win32
		{A9FCEC32-A52C-3316-9455-266888D58547}.Debug|Win32.Build.0 = Debug|Win32
		{A9FCEC32-A52C-3316-9455-266888D58547}.Release|Win32.ActiveCfg = Release|Win32
		{A9FCEC32-A52C-3316-9455-266888D58547}.Release|Win32.Build.0 = Release|Win32
		{A9FCEC32-A52C-3316-9455-266888D58547}.MinSizeRel|Win32.ActiveCfg = MinSizeRel|Win32
		{A9FCEC32-A52C-3316-9455-266888D58547}.MinSizeRel|Win32.Build.0 = MinSizeRel|Win32
		{A9FCEC32-A52C-3316-9455-266888D58547}.RelWithDebInfo|Win32.ActiveCfg = RelWithDebInfo|Win32
		{A9FCEC32-A52C-3316-9455-266888D58547}.RelWithDebInfo|Win32.Build.0 = RelWithDebInfo|Win32
		{6400CF3A-3F08-3E6C-B28A-6C5FE4F7398B}.Debug|Win32.ActiveCfg = Debug|Win32
		{6400CF3A-3F08-3E6C-B28A-6C5FE4F7398B}.Debug|Win32.Build.0 = Debug|Win32
		{6400CF3A-3F08-3E6C-B28A-6C5FE4F7398B}.Release|Win32.ActiveCfg = Release|Win32
		{6400CF3A-3F08-3E6C-B28A-6C5FE4F7398B}.Release|Win32.Build.0 = Release|Win32
		{6400CF3A-3F08-3E6C-B28A-6C5FE4F7398B}.MinSizeRel|Win32.ActiveCfg = MinSizeRel|Win32
		{6400CF3A-3F08-3E6C-B28A-6C5FE4F7398B}.MinSizeRel|Win32.Build.0 = MinSizeRel|Win32
		{6400CF3A-3F08-3E6C-B28A-6C5FE4F7398B}.RelWithDebInfo|Win32.ActiveCfg = RelWithDebInfo|Win32
		{6400CF3A-3F08-3E6C-B28A-6C5FE4F7398B}.RelWithDebInfo|Win32.Build.0 = RelWithDebInfo|Win32
		{24D02EF3-9A79-336F-B1F8-01D773E5718E}.Debug|Win32.ActiveCfg = Debug|Win32
		{24D02EF3-9A79-336F-B1F8-01D773E5718E}.Debug|Win32.Build.0 = Debug|Win32
		{24D02EF3-9A79-336F-B1F8-01D773E5718E}.Release|Win32.ActiveCfg = Release|Win32
		{24D02EF3-9A79-336F-B1F8-01D773E5718E}.Release|Win32.Build.0 = Release|Win32
		{24D02EF3-9A79-336F-B1F8-01D773E5718E}.MinSizeRel|Win32.ActiveCfg = MinSizeRel|Win32
		{24D02EF3-9A79-336F-B1F8-01D773E5718E}.MinSizeRel|Win32.Build.0 = MinSizeRel|Win32
		{24D02EF3-9A79-336F-B1F8-01D773E5718E}.RelWithDebInfo|Win32.ActiveCfg = RelWithDebInfo|Win32
		{24D02EF3-9A79-336F-B1F8-01D773E5718E}.RelWithDebInfo|Win32.Build.0 = RelWithDebInfo|Win32
		{9E8655FD-DDBE-3FA7-9C8D-E67BDE6A5337}.Debug|Win32.ActiveCfg = Debug|Win32
		{9E8655FD-DDBE-3FA7-9C8D-E67BDE6A5337}.Debug|Win32.Build.0 = Debug|Win32
		{9E8655FD-DDBE-3FA7-9C8D-E67BDE6A5337}.Release|Win32.ActiveCfg = Release|Win32
		{9E8655FD-DDBE-3FA7-9C8D-E67BDE6A5337}.Release|Win32.Build.0 = Release|Win32
		{9E8655FD-DDBE-3FA7-9C8D-E67BDE6A5337}.MinSizeRel|Win32.ActiveCfg = MinSizeRel|Win32
		{9E8655FD-DDBE-3FA7-9C8D-E67BDE6A5337}.MinSizeRel|Win32.Build.0 = MinSizeRel|Win32
		{9E8655FD-DDBE-3FA7-9C8D-E67BDE6A5337}.RelWithDebInfo|Win32.ActiveCfg = RelWithDebInfo|Win32
		{9E8655FD-DDBE-3FA7-9C8D-E67BDE6A5337}.RelWithDebInfo|Win32.Build.0 = RelWithDebInfo|Win32
		{46B7151F-EB26-31B6-890C-34B956998D7A}.Debug|Win32.ActiveCfg = Debug|Win32
		{46B7151F-EB26-31B6-890C-34B956998D7A}.Debug|Win32.Build.0 = Debug|Win32
		{46B7151F-EB26-31B6-890C-34B956998D7A}.Release|Win32.ActiveCfg = Release|Win32
		{46B7151F-EB26-31B6-890C-34B956998D7A}.Release|Win32.Build.0 = Release|Win32
		{46B7151F-EB26-31B6-890C-34B956998D7A}.MinSizeRel|Win32.ActiveCfg = MinSizeRel|Win32
		{46B7151F-EB26-31B6-890C-34B956998D7A}.MinSizeRel|Win32.Build.0 = MinSizeRel|Win32
		{46B7151F-EB26-31B6-890C-34B956998D7A}.RelWithDebInfo|Win32.ActiveCfg = RelWithDebInfo|Win32
		{46B7151F-EB26-31B6-890C-34B956998D7A}.RelWithDebInfo|Win32.Build.0 = RelWithDebInfo|Win32
		{BF461B46-36E9-3F5D-BF73-604164B5D417}.Debug|Win32.ActiveCfg = Debug|Win32
		{BF461B46-36E9-3F5D-BF73-604164B5D417}.Debug|Win32.Build.0 = Debug|Win32
		{BF461B46-36E9-3F5D-BF73-604164B5D417}.Release|Win32.ActiveCfg = Release|Win32
		{BF461B46-36E9-3F5D-BF73-604164B5D417}.Release|Win32.Build.0 = Release|Win32
		{BF461B46-36E9-3F5D-BF73-604164B5D417}.MinSizeRel|Win32.ActiveCfg = MinSizeRel|Win32
		{BF461B46-36E9-3F5D-BF73-604164B5D417}.MinSizeRel|Win32.Build.0 = MinSizeRel|Win32
		{BF461B46-36E9-3F5D-BF73-604164B5D417}.RelWithDebInfo|Win32.ActiveCfg = RelWithDebInfo|Win32
		{BF461B46-36E9-3F5D-BF73-604164B5D417}.RelWithDebInfo|Win32.Build.0 = RelWithDebInfo|Win32
		{B35C9301-6ED6-32FF-9D7E-AECC438B351C}.Debug|Win32.ActiveCfg = Debug|Win32
		{B35C9301-6ED6-32FF-9D7E-AECC438B351C}.Debug|Win32.Build.0 = Debug|Win32
		{B35C9301-6ED6-32FF-9D7E-AECC438B351C}.Release|Win32.ActiveCfg = Release|Win32
		{B35C9301-6ED6-32FF-9D7E-AECC438B351C}.Release|Win32.Build.0 = Release|Win32
		{B35C9301-6ED6-32FF-9D7E-AECC438B351C}.MinSizeRel|Win32.ActiveCfg = MinSizeRel|Win32
		{B35C9301-6ED6-32FF-9D7E-AECC438B351C}.MinSizeRel|Win32.Build.0 = MinSizeRel|Win32
		{B35C9301-6ED6-32FF-9D7E-AECC438B351C}.RelWithDebInfo|Win32.ActiveCfg = RelWithDebInfo|Win32
		{B35C9301-6ED6-32FF-9D7E-AECC438B351C}.RelWithDebInfo|Win32.Build.0 = RelWithDebInfo|Win32
		{43053961-D5E2-39A9-BD08-AEA8A5FF73A3}.Debug|Win32.ActiveCfg = Debug|Win32
		{43053961-D5E2-39A9-BD08-AEA8A5FF73A3}.Debug|Win32.Build.0 = Debug|Win32
		{43053961-D5E2-39A9-BD08-AEA8A5FF73A3}.Release|Win32.ActiveCfg = Release|Win32
		{43053961-D5E2-39A9-BD08-AEA8A5FF73A3}.Release|Win32.Build.0 = Release|Win32
		{43053961-D5E2-39A9-BD08-AEA8A5FF73A3}.MinSizeRel|Win32.ActiveCfg = MinSizeRel|Win32
		{43053961-D5E2-39A9-BD08-AEA8A5FF73A3}.MinSizeRel|Win32.Build.0 = MinSizeRel|Win32
		{43053961-D5E2-39A9-BD08-AEA8A5FF73A3}.RelWithDebInfo|Win32.ActiveCfg = RelWithDebInfo|Win32
		{43053961-D5E2-39A9-BD08-AEA8A5FF73A3}.RelWithDebInfo|Win32.Build.0 = RelWithDebInfo|Win32
		{46F2F788-2F93-355E-BFD9-631D4C830570}.Debug|Win32.ActiveCfg = Debug|Win32
		{46F2F788-2F93-355E-BFD9-631D4C830570}.Release|Win32.ActiveCfg = Release|Win32
		{46F2F788-2F93-355E-BFD9-631D4C830570}.MinSizeRel|Win32.ActiveCfg = MinSizeRel|Win32
		{46F2F788-2F93-355E-BFD9-631D4C830570}.RelWithDebInfo|Win32.ActiveCfg = RelWithDebInfo|Win32
		{40475352-8EBA-39D7-90D0-46C5C3BF6F90}.Debug|Win32.ActiveCfg = Debug|Win32
		{40475352-8EBA-39D7-90D0-46C5C3BF6F90}.Release|Win32.ActiveCfg = Release|Win32
		{40475352-8EBA-39D7-90D0-46C5C3BF6F90}.MinSizeRel|Win32.ActiveCfg = MinSizeRel|Win32
		{40475352-8EBA-39D7-90D0-46C5C3BF6F90}.RelWithDebInfo|Win32.ActiveCfg = RelWithDebInfo|Win32
		{C14463DF-3948-3447-8D27-0D9FFC8429D9}.Debug|Win32.ActiveCfg = Debug|Win32
		{C14463DF-3948-3447-8D27-0D9FFC8429D9}.Release|Win32.ActiveCfg = Release|Win32
		{C14463DF-3948-3447-8D27-0D9FFC8429D9}.MinSizeRel|Win32.ActiveCfg = MinSizeRel|Win32
		{C14463DF-3948-3447-8D27-0D9FFC8429D9}.RelWithDebInfo|Win32.ActiveCfg = RelWithDebInfo|Win32
		{39B27E1F-9E26-300E-B1E8-A8ABC344C029}.Debug|Win32.ActiveCfg = Debug|Win32
		{39B27E1F-9E26-300E-B1E8-A8ABC344C029}.Debug|Win32.Build.0 = Debug|Win32
		{39B27E1F-9E26-300E-B1E8-A8ABC344C029}.Release|Win32.ActiveCfg = Release|Win32
		{39B27E1F-9E26-300E-B1E8-A8ABC344C029}.Release|Win32.Build.0 = Release|Win32
		{39B27E1F-9E26-300E-B1E8-A8ABC344C029}.MinSizeRel|Win32.ActiveCfg = MinSizeRel|Win32
		{39B27E1F-9E26-300E-B1E8-A8ABC344C029}.MinSizeRel|Win32.Build.0 = MinSizeRel|Win32
		{39B27E1F-9E26-300E-B1E8-A8ABC344C029}.RelWithDebInfo|Win32.ActiveCfg = RelWithDebInfo|Win32
		{39B27E1F-9E26-300E-B1E8-A8ABC344C029}.RelWithDebInfo|Win32.Build.0 = RelWithDebInfo|Win32
		{718124E6-A3B2-3154-B8B5-344C1AE7D9F0}.Debug|Win32.ActiveCfg = Debug|Win32
		{718124E6-A3B2-3154-B8B5-344C1AE7D9F0}.Debug|Win32.Build.0 = Debug|Win32
		{718124E6-A3B2-3154-B8B5-344C1AE7D9F0}.Release|Win32.ActiveCfg = Release|Win32
		{718124E6-A3B2-3154-B8B5-344C1AE7D9F0}.Release|Win32.Build.0 = Release|Win32
		{718124E6-A3B2-3154-B8B5-344C1AE7D9F0}.MinSizeRel|Win32.ActiveCfg = MinSizeRel|Win32
		{718124E6-A3B2-3154-B8B5-344C1AE7D9F0}.MinSizeRel|Win32.Build.0 = MinSizeRel|Win32
		{718124E6-A3B2-3154-B8B5-344C1AE7D9F0}.RelWithDebInfo|Win32.ActiveCfg = RelWithDebInfo|Win32
		{718124E6-A3B2-3154-B8B5-344C1AE7D9F0}.RelWithDebInfo|Win32.Build.0 = RelWithDebInfo|Win32
		{3251948C-1C98-383C-A55E-7C3143F4C337}.Debug|Win32.ActiveCfg = Debug|Win32
		{3251948C-1C98-383C-A55E-7C3143F4C337}.Debug|Win32.Build.0 = Debug|Win32
		{3251948C-1C98-383C-A55E-7C3143F4C337}.Release|Win32.ActiveCfg = Release|Win32
		{3251948C-1C98-383C-A55E-7C3143F4C337}.Release|Win32.Build.0 = Release|Win32
		{3251948C-1C98-383C-A55E-7C3143F4C337}.MinSizeRel|Win32.ActiveCfg = MinSizeRel|Win32
		{3251948C-1C98-383C-A55E-7C3143F4C337}.MinSizeRel|Win32.Build.0 = MinSizeRel|Win32
		{3251948C-1C98-383C-A55E-7C3143F4C337}.RelWithDebInfo|Win32.ActiveCfg = RelWithDebInfo|Win32
		{3251948C-1C98-383C-A55E-7C3143F4C337}.RelWithDebInfo|Win32.Build.0 = RelWithDebInfo|Win32
		{5E1D67B6-F6A2-364E-B60F-DCBBBA9506C3}.Debug|Win32.ActiveCfg = Debug|Win32
		{5E1D67B6-F6A2-364E-B60F-DCBBBA9506C3}.Debug|Win32.Build.0 = Debug|Win32
		{5E1D67B6-F6A2-364E-B60F-DCBBBA9506C3}.Release|Win32.ActiveCfg = Release|Win32
		{5E1D67B6-F6A2-364E-B60F-DCBBBA9506C3}.Release|Win32.Build.0 = Release|Win32
		{5E1D67B6-F6A2-364E-B60F-DCBBBA9506C3}.MinSizeRel|Win32.ActiveCfg = MinSizeRel|Win32
		{5E1D67B6-F6A2-364E-B60F-DCBBBA9506C3}.MinSizeRel|Win32.Build.0 = MinSizeRel|Win32
		{5E1D67B6-F6A2-364E-B60F-DCBBBA9506C3}.RelWithDebInfo|Win32.ActiveCfg = RelWithDebInfo|Win32
		{5E1D67B6-F6A2-364E-B60F-DCBBBA9506C3}.RelWithDebInfo|Win32.Build.0 = RelWithDebInfo|Win32
		{26213334-1250-30C3-9A4B-468F7386BED3}.Debug|Win32.ActiveCfg = Debug|Win32
		{26213334-1250-30C3-9A4B-468F7386BED3}.Debug|Win32.Build.0 = Debug|Win32
		{26213334-1250-30C3-9A4B-468F7386BED3}.Release|Win32.ActiveCfg = Release|Win32
		{26213334-1250-30C3-9A4B-468F7386BED3}.Release|Win32.Build.0 = Release|Win32
		{26213334-1250-30C3-9A4B-468F7386BED3}.MinSizeRel|Win32.ActiveCfg = MinSizeRel|Win32
		{26213334-1250-30C3-9A4B-468F7386BED3}.MinSizeRel|Win32.Build.0 = MinSizeRel|Win32
		{26213334-1250-30C3-9A4B-468F7386BED3}.RelWithDebInfo|Win32.ActiveCfg = RelWithDebInfo|Win32
		{26213334-1250-30C3-9A4B-468F7386BED3}.RelWithDebInfo|Win32.Build.0 = RelWithDebInfo|Win32
		{0ED6A1B6-715A-3D06-BF7C-724B1A32DAF3}.Debug|Win32.ActiveCfg = Debug|Win32
		{0ED6A1B6-715A-3D06-BF7C-724B1A32DAF3}.Debug|Win32.Build.0 = Debug|Win32
		{0ED6A1B6-715A-3D06-BF7C-724B1A32DAF3}.Release|Win32.ActiveCfg = Release|Win32
		{0ED6A1B6-715A-3D06-BF7C-724B1A32DAF3}.Release|Win32.Build.0 = Release|Win32
		{0ED6A1B6-715A-3D06-BF7C-724B1A32DAF3}.MinSizeRel|Win32.ActiveCfg = MinSizeRel|Win32
		{0ED6A1B6-715A-3D06-BF7C-724B1A32DAF3}.MinSizeRel|Win32.Build.0 = MinSizeRel|Win32
		{0ED6A1B6-715A-3D06-BF7C-724B1A32DAF3}.RelWithDebInfo|Win32.ActiveCfg = RelWithDebInfo|Win32
		{0ED6A1B6-715A-3D06-BF7C-724B1A32DAF3}.RelWithDebInfo|Win32.Build.0 = RelWithDebInfo|Win32
		{6CDA8D2D-CB8D-3778-A4C7-B230E2DC4633}.Debug|Win32.ActiveCfg = Debug|Win32
		{6CDA8D2D-CB8D-3778-A4C7-B230E2DC4633}.Debug|Win32.Build.0 = Debug|Win32
		{6CDA8D2D-CB8D-3778-A4C7-B230E2DC4633}.Release|Win32.ActiveCfg = Release|Win32
		{6CDA8D2D-CB8D-3778-A4C7-B230E2DC4633}.Release|Win32.Build.0 = Release|Win32
		{6CDA8D2D-CB8D-3778-A4C7-B230E2DC4633}.MinSizeRel|Win32.ActiveCfg = MinSizeRel|Win32
		{6CDA8D2D-CB8D-3778-A4C7-B230E2DC4633}.MinSizeRel|Win32.Build.0 = MinSizeRel|Win32
		{6CDA8D2D-CB8D-3778-A4C7-B230E2DC4633}.RelWithDebInfo|Win32.ActiveCfg = RelWithDebInfo|Win32
		{6CDA8D2D-CB8D-3778-A4C7-B230E2DC4633}.RelWithDebInfo|Win32.Build.0 = RelWithDebInfo|Win32
		{B8E056A6-9DC2-3C66-B16B-14FA61634889}.Debug|Win32.ActiveCfg = Debug|Win32
		{B8E056A6-9DC2-3C66-B16B-14FA61634889}.Debug|Win32.Build.0 = Debug|Win32
		{B8E056A6-9DC2-3C66-B16B-14FA61634889}.Release|Win32.ActiveCfg = Release|Win32
		{B8E056A6-9DC2-3C66-B16B-14FA61634889}.Release|Win32.Build.0 = Release|Win32
		{B8E056A6-9DC2-3C66-B16B-14FA61634889}.MinSizeRel|Win32.ActiveCfg = MinSizeRel|Win32
		{B8E056A6-9DC2-3C66-B16B-14FA61634889}.MinSizeRel|Win32.Build.0 = MinSizeRel|Win32
		{B8E056A6-9DC2-3C66-B16B-14FA61634889}.RelWithDebInfo|Win32.ActiveCfg = RelWithDebInfo|Win32
		{B8E056A6-9DC2-3C66-B16B-14FA61634889}.RelWithDebInfo|Win32.Build.0 = RelWithDebInfo|Win32
		{23C71C6F-EDA3-379B-A1CF-EE90351CFD50}.Debug|Win32.ActiveCfg = Debug|Win32
		{23C71C6F-EDA3-379B-A1CF-EE90351CFD50}.Debug|Win32.Build.0 = Debug|Win32
		{23C71C6F-EDA3-379B-A1CF-EE90351CFD50}.Release|Win32.ActiveCfg = Release|Win32
		{23C71C6F-EDA3-379B-A1CF-EE90351CFD50}.Release|Win32.Build.0 = Release|Win32
		{23C71C6F-EDA3-379B-A1CF-EE90351CFD50}.MinSizeRel|Win32.ActiveCfg = MinSizeRel|Win32
		{23C71C6F-EDA3-379B-A1CF-EE90351CFD50}.MinSizeRel|Win32.Build.0 = MinSizeRel|Win32
		{23C71C6F-EDA3-379B-A1CF-EE90351CFD50}.RelWithDebInfo|Win32.ActiveCfg = RelWithDebInfo|Win32
		{23C71C6F-EDA3-379B-A1CF-EE90351CFD50}.RelWithDebInfo|Win32.Build.0 = RelWithDebInfo|Win32
	EndGlobalSection
	GlobalSection(ExtensibilityGlobals) = postSolution
		SolutionGuid = {197C4582-AB0E-3D68-B2A9-73F41DF0447D}
	EndGlobalSection
	GlobalSection(ExtensibilityAddIns) = postSolution
	EndGlobalSection
EndGlobal
