<?xml version="1.0" encoding="utf-8"?>
<Project ToolsVersion="15.0" xmlns="http://schemas.microsoft.com/developer/msbuild/2003">
  <ItemGroup>
    <CustomBuild Include="C:\Development\op3d_active\openexr-2.5.0\msvc\CMakeFiles\670fb6a99a3568b5e3efe9fd71f56ba5\INSTALL_force.rule">
      <Filter>CMake Rules</Filter>
    </CustomBuild>
  </ItemGroup>
  <ItemGroup>
    <Filter Include="CMake Rules">
      <UniqueIdentifier>{017D4BE9-CB3A-3BF6-9B56-5B0124CB0CFB}</UniqueIdentifier>
    </Filter>
  </ItemGroup>
</Project>
